Microsoft Visual Studio Solution File, Format Version 12.00
# Visual Studio Version 17
VisualStudioVersion = 17.5.2.0
MinimumVisualStudioVersion = 10.0.40219.1
Project("{FAE04EC0-301F-11D3-BF4B-00C04F79EFBC}") = "CustomNapalm", "CustomNapalm.csproj", "{1248DBC1-8099-B4CA-B93B-733D77E52466}"
EndProject
Global
	GlobalSection(SolutionConfigurationPlatforms) = preSolution
		Debug|Any CPU = Debug|Any CPU
		Release|Any CPU = Release|Any CPU
	EndGlobalSection
	GlobalSection(ProjectConfigurationPlatforms) = postSolution
		{1248DBC1-8099-B4CA-B93B-733D77E52466}.Debug|Any CPU.ActiveCfg = Debug|Any CPU
		{1248DBC1-8099-B4CA-B93B-733D77E52466}.Debug|Any CPU.Build.0 = Debug|Any CPU
		{1248DBC1-8099-B4CA-B93B-733D77E52466}.Release|Any CPU.ActiveCfg = Release|Any CPU
		{1248DBC1-8099-B4CA-B93B-733D77E52466}.Release|Any CPU.Build.0 = Release|Any CPU
	EndGlobalSection
	GlobalSection(SolutionProperties) = preSolution
		HideSolutionNode = FALSE
	EndGlobalSection
	GlobalSection(ExtensibilityGlobals) = postSolution
		SolutionGuid = {4E72CD05-2933-4FF5-9F12-B03FD2595B41}
	EndGlobalSection
EndGlobal
